
Microsoft Visual Studio Solution File, Format Version 12.00
# Visual Studio 14
VisualStudioVersion = 14.0.25420.1
MinimumVisualStudioVersion = 10.0.40219.1
Project("{FAE04EC0-301F-11D3-BF4B-00C04F79EFBC}") = "Task Recognition", "Task Recognition.csproj", "{56048296-D829-43CA-982C-B8743A468DAF}"
EndProject
Project("{8BC9CEB8-8B4A-11D0-8D11-00A0C91BC942}") = "fastText", "fastText\fastText.vcxproj", "{FD23C2FC-9A2F-41E9-AF1A-EFD8C801ED81}"
EndProject
Global
	GlobalSection(SolutionConfigurationPlatforms) = preSolution
		Debug|ARM = Debug|ARM
		Debug|x64 = Debug|x64
		Debug|x86 = Debug|x86
		Release|ARM = Release|ARM
		Release|x64 = Release|x64
		Release|x86 = Release|x86
	EndGlobalSection
	GlobalSection(ProjectConfigurationPlatforms) = postSolution
		{56048296-D829-43CA-982C-B8743A468DAF}.Debug|ARM.ActiveCfg = Debug|ARM
		{56048296-D829-43CA-982C-B8743A468DAF}.Debug|ARM.Build.0 = Debug|ARM
		{56048296-D829-43CA-982C-B8743A468DAF}.Debug|ARM.Deploy.0 = Debug|ARM
		{56048296-D829-43CA-982C-B8743A468DAF}.Debug|x64.ActiveCfg = Debug|x64
		{56048296-D829-43CA-982C-B8743A468DAF}.Debug|x64.Build.0 = Debug|x64
		{56048296-D829-43CA-982C-B8743A468DAF}.Debug|x64.Deploy.0 = Debug|x64
		{56048296-D829-43CA-982C-B8743A468DAF}.Debug|x86.ActiveCfg = Debug|x86
		{56048296-D829-43CA-982C-B8743A468DAF}.Debug|x86.Build.0 = Debug|x86
		{56048296-D829-43CA-982C-B8743A468DAF}.Debug|x86.Deploy.0 = Debug|x86
		{56048296-D829-43CA-982C-B8743A468DAF}.Release|ARM.ActiveCfg = Release|ARM
		{56048296-D829-43CA-982C-B8743A468DAF}.Release|ARM.Build.0 = Release|ARM
		{56048296-D829-43CA-982C-B8743A468DAF}.Release|ARM.Deploy.0 = Release|ARM
		{56048296-D829-43CA-982C-B8743A468DAF}.Release|x64.ActiveCfg = Release|x64
		{56048296-D829-43CA-982C-B8743A468DAF}.Release|x64.Build.0 = Release|x64
		{56048296-D829-43CA-982C-B8743A468DAF}.Release|x64.Deploy.0 = Release|x64
		{56048296-D829-43CA-982C-B8743A468DAF}.Release|x86.ActiveCfg = Release|x86
		{56048296-D829-43CA-982C-B8743A468DAF}.Release|x86.Build.0 = Release|x86
		{56048296-D829-43CA-982C-B8743A468DAF}.Release|x86.Deploy.0 = Release|x86
		{FD23C2FC-9A2F-41E9-AF1A-EFD8C801ED81}.Debug|ARM.ActiveCfg = Debug|ARM
		{FD23C2FC-9A2F-41E9-AF1A-EFD8C801ED81}.Debug|ARM.Build.0 = Debug|ARM
		{FD23C2FC-9A2F-41E9-AF1A-EFD8C801ED81}.Debug|x64.ActiveCfg = Debug|x64
		{FD23C2FC-9A2F-41E9-AF1A-EFD8C801ED81}.Debug|x64.Build.0 = Debug|x64
		{FD23C2FC-9A2F-41E9-AF1A-EFD8C801ED81}.Debug|x86.ActiveCfg = Debug|Win32
		{FD23C2FC-9A2F-41E9-AF1A-EFD8C801ED81}.Debug|x86.Build.0 = Debug|Win32
		{FD23C2FC-9A2F-41E9-AF1A-EFD8C801ED81}.Release|ARM.ActiveCfg = Release|ARM
		{FD23C2FC-9A2F-41E9-AF1A-EFD8C801ED81}.Release|ARM.Build.0 = Release|ARM
		{FD23C2FC-9A2F-41E9-AF1A-EFD8C801ED81}.Release|x64.ActiveCfg = Release|x64
		{FD23C2FC-9A2F-41E9-AF1A-EFD8C801ED81}.Release|x64.Build.0 = Release|x64
		{FD23C2FC-9A2F-41E9-AF1A-EFD8C801ED81}.Release|x86.ActiveCfg = Release|Win32
		{FD23C2FC-9A2F-41E9-AF1A-EFD8C801ED81}.Release|x86.Build.0 = Release|Win32
	EndGlobalSection
	GlobalSection(SolutionProperties) = preSolution
		HideSolutionNode = FALSE
	EndGlobalSection
EndGlobal
