<?xml version="1.0" encoding="utf-8"?>
<Project ToolsVersion="14.0" xmlns="http://schemas.microsoft.com/developer/msbuild/2003">
  <ItemGroup>
    <Filter Include="Resource Files">
      <UniqueIdentifier>{67DA6AB6-F800-4c08-8B7A-83BB121AAD01}</UniqueIdentifier>
      <Extensions>rc;ico;cur;bmp;dlg;rc2;rct;bin;rgs;gif;jpg;jpeg;jpe;resx;tga;tiff;tif;png;wav;mfcribbon-ms</Extensions>
    </Filter>
    <Filter Include="Header Files">
      <UniqueIdentifier>{e0c3dd0d-2b64-4927-9161-fce6b4722e9e}</UniqueIdentifier>
    </Filter>
    <Filter Include="Source Files">
      <UniqueIdentifier>{9362bcf2-92b8-41c0-a66c-fd3bb66a8f1d}</UniqueIdentifier>
    </Filter>
  </ItemGroup>
  <ItemGroup>
    <ClCompile Include="dllmain.cpp" />
    <ClCompile Include="fastText.cpp" />
    <ClCompile Include="pch.cpp" />
    <ClCompile Include="src\src\args.cc">
      <Filter>Source Files</Filter>
    </ClCompile>
    <ClCompile Include="src\src\dictionary.cc">
      <Filter>Source Files</Filter>
    </ClCompile>
    <ClCompile Include="src\src\fasttext.cc">
      <Filter>Source Files</Filter>
    </ClCompile>
    <ClCompile Include="src\src\main.cc">
      <Filter>Source Files</Filter>
    </ClCompile>
    <ClCompile Include="src\src\matrix.cc">
      <Filter>Source Files</Filter>
    </ClCompile>
    <ClCompile Include="src\src\model.cc">
      <Filter>Source Files</Filter>
    </ClCompile>
    <ClCompile Include="src\src\utils.cc">
      <Filter>Source Files</Filter>
    </ClCompile>
    <ClCompile Include="src\src\vector.cc">
      <Filter>Source Files</Filter>
    </ClCompile>
  </ItemGroup>
  <ItemGroup>
    <ClInclude Include="fastText.h" />
    <ClInclude Include="pch.h" />
    <ClInclude Include="targetver.h" />
    <ClInclude Include="src\src\args.h">
      <Filter>Header Files</Filter>
    </ClInclude>
    <ClInclude Include="src\src\dictionary.h">
      <Filter>Header Files</Filter>
    </ClInclude>
    <ClInclude Include="src\src\fasttext.h">
      <Filter>Header Files</Filter>
    </ClInclude>
    <ClInclude Include="src\src\matrix.h">
      <Filter>Header Files</Filter>
    </ClInclude>
    <ClInclude Include="src\src\model.h">
      <Filter>Header Files</Filter>
    </ClInclude>
    <ClInclude Include="src\src\real.h">
      <Filter>Header Files</Filter>
    </ClInclude>
    <ClInclude Include="src\src\utils.h">
      <Filter>Header Files</Filter>
    </ClInclude>
    <ClInclude Include="src\src\vector.h">
      <Filter>Header Files</Filter>
    </ClInclude>
  </ItemGroup>
</Project>